{
  "name": "mc-bedrock-1.26.20",
  "version": "1.0.0",
  "lockfileVersion": 3,
  "requires": true,
  "packages": {
    "": {
      "name": "mc-bedrock-1.26.20",
      "version": "1.0.0",
      "license": "ISC",
      "dependencies": {
        "@minecraft/common": "^1.3.0",
        "@minecraft/debug-utilities": "^1.0.0-beta.1.26.21-stable",
        "@minecraft/server": "^2.8.0-beta.1.26.21-stable",
        "@minecraft/server-admin": "^1.0.0-beta.1.26.21-stable",
        "@minecraft/server-editor": "^0.1.0-beta.1.26.21-stable",
        "@minecraft/server-gametest": "^1.0.0-beta.1.26.21-stable",
        "@minecraft/server-net": "^1.0.0-beta.1.26.21-stable",
        "@minecraft/server-ui": "^2.1.0-beta.1.26.21-stable",
        "@minecraft/vanilla-data": "^1.26.21"
      }
    },
    "node_modules/@minecraft/common": {
      "version": "1.3.0",
      "resolved": "https://registry.npmjs.org/@minecraft/common/-/common-1.3.0.tgz",
      "integrity": "sha512-GLT8USFhvEyeTTFHZAgszbrnoT007hmXmK+aO4l+2A1up9/zwZ+4e8R8F0KcKrCWDjLEqkOJtPow0hQCcNJ++Q==",
      "license": "MIT"
    },
    "node_modules/@minecraft/debug-utilities": {
      "version": "1.0.0-beta.1.26.21-stable",
      "resolved": "https://registry.npmjs.org/@minecraft/debug-utilities/-/debug-utilities-1.0.0-beta.1.26.21-stable.tgz",
      "integrity": "sha512-jNpGl9d88KpReiRkOMfMQveLhIlW5JGMoULzdTr/6K2V+0IwG1nzmJdZCVlhO7Pkn0r8x6blbYQTA3wPThYpjA==",
      "license": "MIT",
      "peerDependencies": {
        "@minecraft/common": "^1.0.0",
        "@minecraft/server": "^1.17.0 || ^2.0.0"
      }
    },
    "node_modules/@minecraft/server": {
      "version": "2.8.0-beta.1.26.21-stable",
      "resolved": "https://registry.npmjs.org/@minecraft/server/-/server-2.8.0-beta.1.26.21-stable.tgz",
      "integrity": "sha512-HdR2EjmleJBBuaXH4iEobdXh7dcuWtV8AIZn2Kd+UkvlBPc4iIPSqXaEt7nqOk0tyhbKfRs/X3aoVtAMHW+kmQ==",
      "license": "MIT",
      "peerDependencies": {
        "@minecraft/common": "^1.2.0",
        "@minecraft/vanilla-data": ">=1.20.70"
      }
    },
    "node_modules/@minecraft/server-admin": {
      "version": "1.0.0-beta.1.26.21-stable",
      "resolved": "https://registry.npmjs.org/@minecraft/server-admin/-/server-admin-1.0.0-beta.1.26.21-stable.tgz",
      "integrity": "sha512-Babn2YHtXD4PMN5kE71oUSe8qkBbh/B0OnKBajj1Gsa1PXRwZIFR58h13m423T4FZzh7szX8D5jAu1trSDhYsw==",
      "license": "MIT",
      "peerDependencies": {
        "@minecraft/common": "^1.0.0",
        "@minecraft/server": "^1.17.0 || ^2.0.0"
      }
    },
    "node_modules/@minecraft/server-editor": {
      "version": "0.1.0-beta.1.26.21-stable",
      "resolved": "https://registry.npmjs.org/@minecraft/server-editor/-/server-editor-0.1.0-beta.1.26.21-stable.tgz",
      "integrity": "sha512-0Lt2iZRUe3pNwuWKNzcHpjHrQRINaTmhcKzBohJPpJvpGRuyypK8Stv4oRDa75Gi+ZJptI4kLeiElP5EAZu8uQ==",
      "license": "MIT",
      "peerDependencies": {
        "@minecraft/common": "^1.0.0",
        "@minecraft/server": "^2.8.0-beta.1.26.21-stable",
        "@minecraft/vanilla-data": ">=1.20.70"
      }
    },
    "node_modules/@minecraft/server-gametest": {
      "version": "1.0.0-beta.1.26.21-stable",
      "resolved": "https://registry.npmjs.org/@minecraft/server-gametest/-/server-gametest-1.0.0-beta.1.26.21-stable.tgz",
      "integrity": "sha512-LHTLZTd+1YL5EsAj1J2yl078U5d/lOupmsG5gmwOznNgHNARhFyKOLpeAoV7oMZzPbdaQ98ZbN0NQO3Yj4g9jQ==",
      "license": "MIT",
      "peerDependencies": {
        "@minecraft/common": "^1.0.0",
        "@minecraft/server": "^1.17.0 || ^2.0.0 || ^2.8.0-beta.1.26.21-stable"
      }
    },
    "node_modules/@minecraft/server-net": {
      "version": "1.0.0-beta.1.26.21-stable",
      "resolved": "https://registry.npmjs.org/@minecraft/server-net/-/server-net-1.0.0-beta.1.26.21-stable.tgz",
      "integrity": "sha512-xQBUnzPyMs0kgEW0/qLyUN29JfCrd0c0uGKKREqms1cWF0ff8ybVOrpUwj2FyAuy7fXDj1pLInXVcLk+jXYKpQ==",
      "license": "MIT",
      "peerDependencies": {
        "@minecraft/common": "^1.0.0",
        "@minecraft/server": "^1.17.0 || ^2.0.0",
        "@minecraft/server-admin": "^1.0.0-beta.1.26.21-stable"
      }
    },
    "node_modules/@minecraft/server-ui": {
      "version": "2.1.0-beta.1.26.21-stable",
      "resolved": "https://registry.npmjs.org/@minecraft/server-ui/-/server-ui-2.1.0-beta.1.26.21-stable.tgz",
      "integrity": "sha512-7HLABf+fpKQ+XPM4wG1Z8e3lcKqXv1kYM69cWwKN9vcCifh6sKmFY0RkiSm5RBrnGoAQdF200hGOGWoU3+t6NA==",
      "license": "MIT",
      "peerDependencies": {
        "@minecraft/common": "^1.0.0",
        "@minecraft/server": "^2.0.0 || ^2.8.0-beta.1.26.21-stable"
      }
    },
    "node_modules/@minecraft/vanilla-data": {
      "version": "1.26.21",
      "resolved": "https://registry.npmjs.org/@minecraft/vanilla-data/-/vanilla-data-1.26.21.tgz",
      "integrity": "sha512-bDmqSIjZBoaChpAdK2H3SVzhIod4/kXwY+viEA3AgftAbda1X1dkjMiBbxZcmwzRrVwT9embIB3zsEkYn1rSNA==",
      "license": "MIT"
    }
  }
}
